
Microsoft Visual Studio Solution File, Format Version 12.00
# Visual Studio Version 17
VisualStudioVersion = 17.9.34728.123
MinimumVisualStudioVersion = 10.0.40219.1
Project("{FAE04EC0-301F-11D3-BF4B-00C04F79EFBC}") = "TPMOD10_1302223071", "TPMOD10_1302223071.csproj", "{B43DD7DA-DFBA-4BD2-9A63-0CF477A43B8A}"
EndProject
Global
	GlobalSection(SolutionConfigurationPlatforms) = preSolution
		Debug|Any CPU = Debug|Any CPU
		Release|Any CPU = Release|Any CPU
	EndGlobalSection
	GlobalSection(ProjectConfigurationPlatforms) = postSolution
		{B43DD7DA-DFBA-4BD2-9A63-0CF477A43B8A}.Debug|Any CPU.ActiveCfg = Debug|Any CPU
		{B43DD7DA-DFBA-4BD2-9A63-0CF477A43B8A}.Debug|Any CPU.Build.0 = Debug|Any CPU
		{B43DD7DA-DFBA-4BD2-9A63-0CF477A43B8A}.Release|Any CPU.ActiveCfg = Release|Any CPU
		{B43DD7DA-DFBA-4BD2-9A63-0CF477A43B8A}.Release|Any CPU.Build.0 = Release|Any CPU
	EndGlobalSection
	GlobalSection(SolutionProperties) = preSolution
		HideSolutionNode = FALSE
	EndGlobalSection
	GlobalSection(ExtensibilityGlobals) = postSolution
		SolutionGuid = {65F75D08-A38E-4CD3-9E6C-78057B024F45}
	EndGlobalSection
EndGlobal
